[[package]]
name = "capgains"
version = "0.1.0"
dependencies = [
 "csv 1.0.0 (registry+https://github.com/rust-lang/crates.io-index)",
]

[[package]]
name = "csv"
version = "1.0.0"
source = "registry+https://github.com/rust-lang/crates.io-index"
dependencies = [
 "csv-core 0.1.4 (registry+https://github.com/rust-lang/crates.io-index)",
 "serde 1.0.60 (registry+https://github.com/rust-lang/crates.io-index)",
]

[[package]]
name = "csv-core"
version = "0.1.4"
source = "registry+https://github.com/rust-lang/crates.io-index"
dependencies = [
 "memchr 2.0.1 (registry+https://github.com/rust-lang/crates.io-index)",
]

[[package]]
name = "libc"
version = "0.2.41"
source = "registry+https://github.com/rust-lang/crates.io-index"

[[package]]
name = "memchr"
version = "2.0.1"
source = "registry+https://github.com/rust-lang/crates.io-index"
dependencies = [
 "libc 0.2.41 (registry+https://github.com/rust-lang/crates.io-index)",
]

[[package]]
name = "serde"
version = "1.0.60"
source = "registry+https://github.com/rust-lang/crates.io-index"

[metadata]
"checksum csv 1.0.0 (registry+https://github.com/rust-lang/crates.io-index)" = "71903184af9960c555e7f3b32ff17390d20ecaaf17d4f18c4a0993f2df8a49e3"
"checksum csv-core 0.1.4 (registry+https://github.com/rust-lang/crates.io-index)" = "4dd8e6d86f7ba48b4276ef1317edc8cc36167546d8972feb4a2b5fec0b374105"
"checksum libc 0.2.41 (registry+https://github.com/rust-lang/crates.io-index)" = "ac8ebf8343a981e2fa97042b14768f02ed3e1d602eac06cae6166df3c8ced206"
"checksum memchr 2.0.1 (registry+https://github.com/rust-lang/crates.io-index)" = "796fba70e76612589ed2ce7f45282f5af869e0fdd7cc6199fa1aa1f1d591ba9d"
"checksum serde 1.0.60 (registry+https://github.com/rust-lang/crates.io-index)" = "9fca35e1005555ffdfb2d0d1e3097eb309134a9ae2b14e3884a55e1a6d2de803"
